// !$*UTF8*$!
{
	archiveVersion = 1;
	classes = {
	};
	objectVersion = 46;
	objects = {

/* Begin PBXBuildFile section */
		F48211CE1D2B05B3008187C4 /* AppDelegate.swift in Sources */ = {isa = PBXBuildFile; fileRef = F48211CD1D2B05B3008187C4 /* AppDelegate.swift */; };
		F48211D01D2B05B3008187C4 /* ViewController.swift in Sources */ = {isa = PBXBuildFile; fileRef = F48211CF1D2B05B3008187C4 /* ViewController.swift */; };
		F48211D31D2B05B3008187C4 /* Main.storyboard in Resources */ = {isa = PBXBuildFile; fileRef = F48211D11D2B05B3008187C4 /* Main.storyboard */; };
		F48211D51D2B05B3008187C4 /* Assets.xcassets in Resources */ = {isa = PBXBuildFile; fileRef = F48211D41D2B05B3008187C4 /* Assets.xcassets */; };
		F48211D81D2B05B3008187C4 /* LaunchScreen.storyboard in Resources */ = {isa = PBXBuildFile; fileRef = F48211D61D2B05B3008187C4 /* LaunchScreen.storyboard */; };
/* End PBXBuildFile section */

/* Begin PBXFileReference section */
		F48211CA1D2B05B3008187C4 /* WarriorsTeamFinal.app */ = {isa = PBXFileReference; explicitFileType = wrapper.application; includeInIndex = 0; path = WarriorsTeamFinal.app; sourceTree = BUILT_PRODUCTS_DIR; };
		F48211CD1D2B05B3008187C4 /* AppDelegate.swift */ = {isa = PBXFileReference; lastKnownFileType = sourcecode.swift; path = AppDelegate.swift; sourceTree = "<group>"; };
		F48211CF1D2B05B3008187C4 /* ViewController.swift */ = {isa = PBXFileReference; lastKnownFileType = sourcecode.swift; path = ViewController.swift; sourceTree = "<group>"; };
		F48211D21D2B05B3008187C4 /* Base */ = {isa = PBXFileReference; lastKnownFileType = file.storyboard; name = Base; path = Base.lproj/Main.storyboard; sourceTree = "<group>"; };
		F48211D41D2B05B3008187C4 /* Assets.xcassets */ = {isa = PBXFileReference; lastKnownFileType = folder.assetcatalog; path = Assets.xcassets; sourceTree = "<group>"; };
		F48211D71D2B05B3008187C4 /* Base */ = {isa = PBXFileReference; lastKnownFileType = file.storyboard; name = Base; path = Base.lproj/LaunchScreen.storyboard; sourceTree = "<group>"; };
		F48211D91D2B05B3008187C4 /* Info.plist */ = {isa = PBXFileReference; lastKnownFileType = text.plist.xml; path = Info.plist; sourceTree = "<group>"; };
/* End PBXFileReference section */

/* Begin PBXFrameworksBuildPhase section */
		F48211C71D2B05B3008187C4 /* Frameworks */ = {
			isa = PBXFrameworksBuildPhase;
			buildActionMask = 2147483647;
			files = (
			);
			runOnlyForDeploymentPostprocessing = 0;
		};
/* End PBXFrameworksBuildPhase section */

/* Begin PBXGroup section */
		F48211C11D2B05B3008187C4 = {
			isa = PBXGroup;
			children = (
				F48211CC1D2B05B3008187C4 /* WarriorsTeamFinal */,
				F48211CB1D2B05B3008187C4 /* Products */,
			);
			sourceTree = "<group>";
		};
		F48211CB1D2B05B3008187C4 /* Products */ = {
			isa = PBXGroup;
			children = (
				F48211CA1D2B05B3008187C4 /* WarriorsTeamFinal.app */,
			);
			name = Products;
			sourceTree = "<group>";
		};
		F48211CC1D2B05B3008187C4 /* WarriorsTeamFinal */ = {
			isa = PBXGroup;
			children = (
				F48211CD1D2B05B3008187C4 /* AppDelegate.swift */,
				F48211CF1D2B05B3008187C4 /* ViewController.swift */,
				F48211D11D2B05B3008187C4 /* Main.storyboard */,
				F48211D41D2B05B3008187C4 /* Assets.xcassets */,
				F48211D61D2B05B3008187C4 /* LaunchScreen.storyboard */,
				F48211D91D2B05B3008187C4 /* Info.plist */,
			);
			path = WarriorsTeamFinal;
			sourceTree = "<group>";
		};
/* End PBXGroup section */

/* Begin PBXNativeTarget section */
		F48211C91D2B05B3008187C4 /* WarriorsTeamFinal */ = {
			isa = PBXNativeTarget;
			buildConfigurationList = F48211DC1D2B05B3008187C4 /* Build configuration list for PBXNativeTarget "WarriorsTeamFinal" */;
			buildPhases = (
				F48211C61D2B05B3008187C4 /* Sources */,
				F48211C71D2B05B3008187C4 /* Frameworks */,
				F48211C81D2B05B3008187C4 /* Resources */,
			);
			buildRules = (
			);
			dependencies = (
			);
			name = WarriorsTeamFinal;
			productName = WarriorsTeamFinal;
			productReference = F48211CA1D2B05B3008187C4 /* WarriorsTeamFinal.app */;
			productType = "com.apple.product-type.application";
		};
/* End PBXNativeTarget section */

/* Begin PBXProject section */
		F48211C21D2B05B3008187C4 /* Project object */ = {
			isa = PBXProject;
			attributes = {
				LastSwiftUpdateCheck = 0730;
				LastUpgradeCheck = 0730;
				ORGANIZATIONNAME = "Andriy Herasymenko";
				TargetAttributes = {
					F48211C91D2B05B3008187C4 = {
						CreatedOnToolsVersion = 7.3.1;
					};
				};
			};
			buildConfigurationList = F48211C51D2B05B3008187C4 /* Build configuration list for PBXProject "WarriorsTeamFinal" */;
			compatibilityVersion = "Xcode 3.2";
			developmentRegion = English;
			hasScannedForEncodings = 0;
			knownRegions = (
				en,
				Base,
			);
			mainGroup = F48211C11D2B05B3008187C4;
			productRefGroup = F48211CB1D2B05B3008187C4 /* Products */;
			projectDirPath = "";
			projectRoot = "";
			targets = (
				F48211C91D2B05B3008187C4 /* WarriorsTeamFinal */,
			);
		};
/* End PBXProject section */

/* Begin PBXResourcesBuildPhase section */
		F48211C81D2B05B3008187C4 /* Resources */ = {
			isa = PBXResourcesBuildPhase;
			buildActionMask = 2147483647;
			files = (
				F48211D81D2B05B3008187C4 /* LaunchScreen.storyboard in Resources */,
				F48211D51D2B05B3008187C4 /* Assets.xcassets in Resources */,
				F48211D31D2B05B3008187C4 /* Main.storyboard in Resources */,
			);
			runOnlyForDeploymentPostprocessing = 0;
		};
/* End PBXResourcesBuildPhase section */

/* Begin PBXSourcesBuildPhase section */
		F48211C61D2B05B3008187C4 /* Sources */ = {
			isa = PBXSourcesBuildPhase;
			buildActionMask = 2147483647;
			files = (
				F48211D01D2B05B3008187C4 /* ViewController.swift in Sources */,
				F48211CE1D2B05B3008187C4 /* AppDelegate.swift in Sources */,
			);
			runOnlyForDeploymentPostprocessing = 0;
		};
/* End PBXSourcesBuildPhase section */

/* Begin PBXVariantGroup section */
		F48211D11D2B05B3008187C4 /* Main.storyboard */ = {
			isa = PBXVariantGroup;
			children = (
				F48211D21D2B05B3008187C4 /* Base */,
			);
			name = Main.storyboard;
			sourceTree = "<group>";
		};
		F48211D61D2B05B3008187C4 /* LaunchScreen.storyboard */ = {
			isa = PBXVariantGroup;
			children = (
				F48211D71D2B05B3008187C4 /* Base */,
			);
			name = LaunchScreen.storyboard;
			sourceTree = "<group>";
		};
/* End PBXVariantGroup section */

/* Begin XCBuildConfiguration section */
		F48211DA1D2B05B3008187C4 /* Debug */ = {
			isa = XCBuildConfiguration;
			buildSettings = {
				ALWAYS_SEARCH_USER_PATHS = NO;
				CLANG_ANALYZER_NONNULL = YES;
				CLANG_CXX_LANGUAGE_STANDARD = "gnu++0x";
				CLANG_CXX_LIBRARY = "libc++";
				CLANG_ENABLE_MODULES = YES;
				CLANG_ENABLE_OBJC_ARC = YES;
				CLANG_WARN_BOOL_CONVERSION = YES;
				CLANG_WARN_CONSTANT_CONVERSION = YES;
				CLANG_WARN_DIRECT_OBJC_ISA_USAGE = YES_ERROR;
				CLANG_WARN_EMPTY_BODY = YES;
				CLANG_WARN_ENUM_CONVERSION = YES;
				CLANG_WARN_INT_CONVERSION = YES;
				CLANG_WARN_OBJC_ROOT_CLASS = YES_ERROR;
				CLANG_WARN_UNREACHABLE_CODE = YES;
				CLANG_WARN__DUPLICATE_METHOD_MATCH = YES;
				"CODE_SIGN_IDENTITY[sdk=iphoneos*]" = "iPhone Developer";
				COPY_PHASE_STRIP = NO;
				DEBUG_INFORMATION_FORMAT = dwarf;
				ENABLE_STRICT_OBJC_MSGSEND = YES;
				ENABLE_TESTABILITY = YES;
				GCC_C_LANGUAGE_STANDARD = gnu99;
				GCC_DYNAMIC_NO_PIC = NO;
				GCC_NO_COMMON_BLOCKS = YES;
				GCC_OPTIMIZATION_LEVEL = 0;
				GCC_PREPROCESSOR_DEFINITIONS = (
					"DEBUG=1",
					"$(inherited)",
				);
				GCC_WARN_64_TO_32_BIT_CONVERSION = YES;
				GCC_WARN_ABOUT_RETURN_TYPE = YES_ERROR;
				GCC_WARN_UNDECLARED_SELECTOR = YES;
				GCC_WARN_UNINITIALIZED_AUTOS = YES_AGGRESSIVE;
				GCC_WARN_UNUSED_FUNCTION = YES;
				GCC_WARN_UNUSED_VARIABLE = YES;
				IPHONEOS_DEPLOYMENT_TARGET = 9.3;
				MTL_ENABLE_DEBUG_INFO = YES;
				ONLY_ACTIVE_ARCH = YES;
				SDKROOT = iphoneos;
				SWIFT_OPTIMIZATION_LEVEL = "-Onone";
			};
			name = Debug;
		};
		F48211DB1D2B05B3008187C4 /* Release */ = {
			isa = XCBuildConfiguration;
			buildSettings = {
				ALWAYS_SEARCH_USER_PATHS = NO;
				CLANG_ANALYZER_NONNULL = YES;
				CLANG_CXX_LANGUAGE_STANDARD = "gnu++0x";
				CLANG_CXX_LIBRARY = "libc++";
				CLANG_ENABLE_MODULES = YES;
				CLANG_ENABLE_OBJC_ARC = YES;
				CLANG_WARN_BOOL_CONVERSION = YES;
				CLANG_WARN_CONSTANT_CONVERSION = YES;
				CLANG_WARN_DIRECT_OBJC_ISA_USAGE = YES_ERROR;
				CLANG_WARN_EMPTY_BODY = YES;
				CLANG_WARN_ENUM_CONVERSION = YES;
				CLANG_WARN_INT_CONVERSION = YES;
				CLANG_WARN_OBJC_ROOT_CLASS = YES_ERROR;
				CLANG_WARN_UNREACHABLE_CODE = YES;
				CLANG_WARN__DUPLICATE_METHOD_MATCH = YES;
				"CODE_SIGN_IDENTITY[sdk=iphoneos*]" = "iPhone Developer";
				COPY_PHASE_STRIP = NO;
				DEBUG_INFORMATION_FORMAT = "dwarf-with-dsym";
				ENABLE_NS_ASSERTIONS = NO;
				ENABLE_STRICT_OBJC_MSGSEND = YES;
				GCC_C_LANGUAGE_STANDARD = gnu99;
				GCC_NO_COMMON_BLOCKS = YES;
				GCC_WARN_64_TO_32_BIT_CONVERSION = YES;
				GCC_WARN_ABOUT_RETURN_TYPE = YES_ERROR;
				GCC_WARN_UNDECLARED_SELECTOR = YES;
				GCC_WARN_UNINITIALIZED_AUTOS = YES_AGGRESSIVE;
				GCC_WARN_UNUSED_FUNCTION = YES;
				GCC_WARN_UNUSED_VARIABLE = YES;
				IPHONEOS_DEPLOYMENT_TARGET = 9.3;
				MTL_ENABLE_DEBUG_INFO = NO;
				SDKROOT = iphoneos;
				VALIDATE_PRODUCT = YES;
			};
			name = Release;
		};
		F48211DD1D2B05B3008187C4 /* Debug */ = {
			isa = XCBuildConfiguration;
			buildSettings = {
				ASSETCATALOG_COMPILER_APPICON_NAME = AppIcon;
				INFOPLIST_FILE = WarriorsTeamFinal/Info.plist;
				LD_RUNPATH_SEARCH_PATHS = "$(inherited) @executable_path/Frameworks";
				PRODUCT_BUNDLE_IDENTIFIER = com.andriy.herasymenko.WarriorsTeamFinal;
				PRODUCT_NAME = "$(TARGET_NAME)";
			};
			name = Debug;
		};
		F48211DE1D2B05B3008187C4 /* Release */ = {
			isa = XCBuildConfiguration;
			buildSettings = {
				ASSETCATALOG_COMPILER_APPICON_NAME = AppIcon;
				INFOPLIST_FILE = WarriorsTeamFinal/Info.plist;
				LD_RUNPATH_SEARCH_PATHS = "$(inherited) @executable_path/Frameworks";
				PRODUCT_BUNDLE_IDENTIFIER = com.andriy.herasymenko.WarriorsTeamFinal;
				PRODUCT_NAME = "$(TARGET_NAME)";
			};
			name = Release;
		};
/* End XCBuildConfiguration section */

/* Begin XCConfigurationList section */
		F48211C51D2B05B3008187C4 /* Build configuration list for PBXProject "WarriorsTeamFinal" */ = {
			isa = XCConfigurationList;
			buildConfigurations = (
				F48211DA1D2B05B3008187C4 /* Debug */,
				F48211DB1D2B05B3008187C4 /* Release */,
			);
			defaultConfigurationIsVisible = 0;
			defaultConfigurationName = Release;
		};
		F48211DC1D2B05B3008187C4 /* Build configuration list for PBXNativeTarget "WarriorsTeamFinal" */ = {
			isa = XCConfigurationList;
			buildConfigurations = (
				F48211DD1D2B05B3008187C4 /* Debug */,
				F48211DE1D2B05B3008187C4 /* Release */,
			);
			defaultConfigurationIsVisible = 0;
		};
/* End XCConfigurationList section */
	};
	rootObject = F48211C21D2B05B3008187C4 /* Project object */;
}
